Microsoft Visual Studio Solution File, Format Version 12.00
# Visual Studio Version 17
VisualStudioVersion = 17.5.2.0
MinimumVisualStudioVersion = 10.0.40219.1
Project("{FAE04EC0-301F-11D3-BF4B-00C04F79EFBC}") = "SampleTests", "SampleTests.csproj", "{B643DCDE-CA54-DF67-493B-0D327CF88BBC}"
EndProject
Global
	GlobalSection(SolutionConfigurationPlatforms) = preSolution
		Debug|Any CPU = Debug|Any CPU
		Release|Any CPU = Release|Any CPU
	EndGlobalSection
	GlobalSection(ProjectConfigurationPlatforms) = postSolution
		{B643DCDE-CA54-DF67-493B-0D327CF88BBC}.Debug|Any CPU.ActiveCfg = Debug|Any CPU
		{B643DCDE-CA54-DF67-493B-0D327CF88BBC}.Debug|Any CPU.Build.0 = Debug|Any CPU
		{B643DCDE-CA54-DF67-493B-0D327CF88BBC}.Release|Any CPU.ActiveCfg = Release|Any CPU
		{B643DCDE-CA54-DF67-493B-0D327CF88BBC}.Release|Any CPU.Build.0 = Release|Any CPU
	EndGlobalSection
	GlobalSection(SolutionProperties) = preSolution
		HideSolutionNode = FALSE
	EndGlobalSection
	GlobalSection(ExtensibilityGlobals) = postSolution
		SolutionGuid = {7CC83C52-6672-4FA7-9C60-201D41039EC4}
	EndGlobalSection
EndGlobal
